// !$*UTF8*$!
{
	archiveVersion = 1;
	classes = {
	};
	objectVersion = 50;
	objects = {

/* Begin PBXBuildFile section */
		B83B613721B2FCCD00F0939B /* AppDelegate.swift in Sources */ = {isa = PBXBuildFile; fileRef = B83B613621B2FCCD00F0939B /* AppDelegate.swift */; };
		B83B613921B2FCCD00F0939B /* ViewController.swift in Sources */ = {isa = PBXBuildFile; fileRef = B83B613821B2FCCD00F0939B /* ViewController.swift */; };
		B83B613C21B2FCCD00F0939B /* Main.storyboard in Resources */ = {isa = PBXBuildFile; fileRef = B83B613A21B2FCCD00F0939B /* Main.storyboard */; };
		B83B613E21B2FCCF00F0939B /* Assets.xcassets in Resources */ = {isa = PBXBuildFile; fileRef = B83B613D21B2FCCF00F0939B /* Assets.xcassets */; };
		B83B614121B2FCCF00F0939B /* LaunchScreen.storyboard in Resources */ = {isa = PBXBuildFile; fileRef = B83B613F21B2FCCF00F0939B /* LaunchScreen.storyboard */; };
		B83B614C21B2FCCF00F0939B /* kalkulatorTests.swift in Sources */ = {isa = PBXBuildFile; fileRef = B83B614B21B2FCCF00F0939B /* kalkulatorTests.swift */; };
		B83B615721B2FCCF00F0939B /* kalkulatorUITests.swift in Sources */ = {isa = PBXBuildFile; fileRef = B83B615621B2FCCF00F0939B /* kalkulatorUITests.swift */; };
		B83B616521B3300B00F0939B /* CalculatorButton.swift in Sources */ = {isa = PBXBuildFile; fileRef = B83B616421B3300B00F0939B /* CalculatorButton.swift */; };
		B83B616721B4725400F0939B /* OperationButton.swift in Sources */ = {isa = PBXBuildFile; fileRef = B83B616621B4725400F0939B /* OperationButton.swift */; };
/* End PBXBuildFile section */

/* Begin PBXContainerItemProxy section */
		B83B614821B2FCCF00F0939B /* PBXContainerItemProxy */ = {
			isa = PBXContainerItemProxy;
			containerPortal = B83B612B21B2FCCD00F0939B /* Project object */;
			proxyType = 1;
			remoteGlobalIDString = B83B613221B2FCCD00F0939B;
			remoteInfo = kalkulator;
		};
		B83B615321B2FCCF00F0939B /* PBXContainerItemProxy */ = {
			isa = PBXContainerItemProxy;
			containerPortal = B83B612B21B2FCCD00F0939B /* Project object */;
			proxyType = 1;
			remoteGlobalIDString = B83B613221B2FCCD00F0939B;
			remoteInfo = kalkulator;
		};
/* End PBXContainerItemProxy section */

/* Begin PBXFileReference section */
		B83B613321B2FCCD00F0939B /* kalkulator.app */ = {isa = PBXFileReference; explicitFileType = wrapper.application; includeInIndex = 0; path = kalkulator.app; sourceTree = BUILT_PRODUCTS_DIR; };
		B83B613621B2FCCD00F0939B /* AppDelegate.swift */ = {isa = PBXFileReference; lastKnownFileType = sourcecode.swift; path = AppDelegate.swift; sourceTree = "<group>"; };
		B83B613821B2FCCD00F0939B /* ViewController.swift */ = {isa = PBXFileReference; lastKnownFileType = sourcecode.swift; path = ViewController.swift; sourceTree = "<group>"; };
		B83B613B21B2FCCD00F0939B /* Base */ = {isa = PBXFileReference; lastKnownFileType = file.storyboard; name = Base; path = Base.lproj/Main.storyboard; sourceTree = "<group>"; };
		B83B613D21B2FCCF00F0939B /* Assets.xcassets */ = {isa = PBXFileReference; lastKnownFileType = folder.assetcatalog; path = Assets.xcassets; sourceTree = "<group>"; };
		B83B614021B2FCCF00F0939B /* Base */ = {isa = PBXFileReference; lastKnownFileType = file.storyboard; name = Base; path = Base.lproj/LaunchScreen.storyboard; sourceTree = "<group>"; };
		B83B614221B2FCCF00F0939B /* Info.plist */ = {isa = PBXFileReference; lastKnownFileType = text.plist.xml; path = Info.plist; sourceTree = "<group>"; };
		B83B614721B2FCCF00F0939B /* kalkulatorTests.xctest */ = {isa = PBXFileReference; explicitFileType = wrapper.cfbundle; includeInIndex = 0; path = kalkulatorTests.xctest; sourceTree = BUILT_PRODUCTS_DIR; };
		B83B614B21B2FCCF00F0939B /* kalkulatorTests.swift */ = {isa = PBXFileReference; lastKnownFileType = sourcecode.swift; path = kalkulatorTests.swift; sourceTree = "<group>"; };
		B83B614D21B2FCCF00F0939B /* Info.plist */ = {isa = PBXFileReference; lastKnownFileType = text.plist.xml; path = Info.plist; sourceTree = "<group>"; };
		B83B615221B2FCCF00F0939B /* kalkulatorUITests.xctest */ = {isa = PBXFileReference; explicitFileType = wrapper.cfbundle; includeInIndex = 0; path = kalkulatorUITests.xctest; sourceTree = BUILT_PRODUCTS_DIR; };
		B83B615621B2FCCF00F0939B /* kalkulatorUITests.swift */ = {isa = PBXFileReference; lastKnownFileType = sourcecode.swift; path = kalkulatorUITests.swift; sourceTree = "<group>"; };
		B83B615821B2FCCF00F0939B /* Info.plist */ = {isa = PBXFileReference; lastKnownFileType = text.plist.xml; path = Info.plist; sourceTree = "<group>"; };
		B83B616421B3300B00F0939B /* CalculatorButton.swift */ = {isa = PBXFileReference; lastKnownFileType = sourcecode.swift; path = CalculatorButton.swift; sourceTree = "<group>"; };
		B83B616621B4725400F0939B /* OperationButton.swift */ = {isa = PBXFileReference; lastKnownFileType = sourcecode.swift; path = OperationButton.swift; sourceTree = "<group>"; };
/* End PBXFileReference section */

/* Begin PBXFrameworksBuildPhase section */
		B83B613021B2FCCD00F0939B /* Frameworks */ = {
			isa = PBXFrameworksBuildPhase;
			buildActionMask = 2147483647;
			files = (
			);
			runOnlyForDeploymentPostprocessing = 0;
		};
		B83B614421B2FCCF00F0939B /* Frameworks */ = {
			isa = PBXFrameworksBuildPhase;
			buildActionMask = 2147483647;
			files = (
			);
			runOnlyForDeploymentPostprocessing = 0;
		};
		B83B614F21B2FCCF00F0939B /* Frameworks */ = {
			isa = PBXFrameworksBuildPhase;
			buildActionMask = 2147483647;
			files = (
			);
			runOnlyForDeploymentPostprocessing = 0;
		};
/* End PBXFrameworksBuildPhase section */

/* Begin PBXGroup section */
		B83B612A21B2FCCD00F0939B = {
			isa = PBXGroup;
			children = (
				B83B613521B2FCCD00F0939B /* kalkulator */,
				B83B614A21B2FCCF00F0939B /* kalkulatorTests */,
				B83B615521B2FCCF00F0939B /* kalkulatorUITests */,
				B83B613421B2FCCD00F0939B /* Products */,
			);
			sourceTree = "<group>";
		};
		B83B613421B2FCCD00F0939B /* Products */ = {
			isa = PBXGroup;
			children = (
				B83B613321B2FCCD00F0939B /* kalkulator.app */,
				B83B614721B2FCCF00F0939B /* kalkulatorTests.xctest */,
				B83B615221B2FCCF00F0939B /* kalkulatorUITests.xctest */,
			);
			name = Products;
			sourceTree = "<group>";
		};
		B83B613521B2FCCD00F0939B /* kalkulator */ = {
			isa = PBXGroup;
			children = (
				B83B613621B2FCCD00F0939B /* AppDelegate.swift */,
				B83B613821B2FCCD00F0939B /* ViewController.swift */,
				B83B613A21B2FCCD00F0939B /* Main.storyboard */,
				B83B613D21B2FCCF00F0939B /* Assets.xcassets */,
				B83B613F21B2FCCF00F0939B /* LaunchScreen.storyboard */,
				B83B614221B2FCCF00F0939B /* Info.plist */,
				B83B616421B3300B00F0939B /* CalculatorButton.swift */,
				B83B616621B4725400F0939B /* OperationButton.swift */,
			);
			path = kalkulator;
			sourceTree = "<group>";
		};
		B83B614A21B2FCCF00F0939B /* kalkulatorTests */ = {
			isa = PBXGroup;
			children = (
				B83B614B21B2FCCF00F0939B /* kalkulatorTests.swift */,
				B83B614D21B2FCCF00F0939B /* Info.plist */,
			);
			path = kalkulatorTests;
			sourceTree = "<group>";
		};
		B83B615521B2FCCF00F0939B /* kalkulatorUITests */ = {
			isa = PBXGroup;
			children = (
				B83B615621B2FCCF00F0939B /* kalkulatorUITests.swift */,
				B83B615821B2FCCF00F0939B /* Info.plist */,
			);
			path = kalkulatorUITests;
			sourceTree = "<group>";
		};
/* End PBXGroup section */

/* Begin PBXNativeTarget section */
		B83B613221B2FCCD00F0939B /* kalkulator */ = {
			isa = PBXNativeTarget;
			buildConfigurationList = B83B615B21B2FCCF00F0939B /* Build configuration list for PBXNativeTarget "kalkulator" */;
			buildPhases = (
				B83B612F21B2FCCD00F0939B /* Sources */,
				B83B613021B2FCCD00F0939B /* Frameworks */,
				B83B613121B2FCCD00F0939B /* Resources */,
			);
			buildRules = (
			);
			dependencies = (
			);
			name = kalkulator;
			productName = kalkulator;
			productReference = B83B613321B2FCCD00F0939B /* kalkulator.app */;
			productType = "com.apple.product-type.application";
		};
		B83B614621B2FCCF00F0939B /* kalkulatorTests */ = {
			isa = PBXNativeTarget;
			buildConfigurationList = B83B615E21B2FCCF00F0939B /* Build configuration list for PBXNativeTarget "kalkulatorTests" */;
			buildPhases = (
				B83B614321B2FCCF00F0939B /* Sources */,
				B83B614421B2FCCF00F0939B /* Frameworks */,
				B83B614521B2FCCF00F0939B /* Resources */,
			);
			buildRules = (
			);
			dependencies = (
				B83B614921B2FCCF00F0939B /* PBXTargetDependency */,
			);
			name = kalkulatorTests;
			productName = kalkulatorTests;
			productReference = B83B614721B2FCCF00F0939B /* kalkulatorTests.xctest */;
			productType = "com.apple.product-type.bundle.unit-test";
		};
		B83B615121B2FCCF00F0939B /* kalkulatorUITests */ = {
			isa = PBXNativeTarget;
			buildConfigurationList = B83B616121B2FCCF00F0939B /* Build configuration list for PBXNativeTarget "kalkulatorUITests" */;
			buildPhases = (
				B83B614E21B2FCCF00F0939B /* Sources */,
				B83B614F21B2FCCF00F0939B /* Frameworks */,
				B83B615021B2FCCF00F0939B /* Resources */,
			);
			buildRules = (
			);
			dependencies = (
				B83B615421B2FCCF00F0939B /* PBXTargetDependency */,
			);
			name = kalkulatorUITests;
			productName = kalkulatorUITests;
			productReference = B83B615221B2FCCF00F0939B /* kalkulatorUITests.xctest */;
			productType = "com.apple.product-type.bundle.ui-testing";
		};
/* End PBXNativeTarget section */

/* Begin PBXProject section */
		B83B612B21B2FCCD00F0939B /* Project object */ = {
			isa = PBXProject;
			attributes = {
				LastSwiftUpdateCheck = 1010;
				LastUpgradeCheck = 1010;
				ORGANIZATIONNAME = "Michał";
				TargetAttributes = {
					B83B613221B2FCCD00F0939B = {
						CreatedOnToolsVersion = 10.1;
					};
					B83B614621B2FCCF00F0939B = {
						CreatedOnToolsVersion = 10.1;
						TestTargetID = B83B613221B2FCCD00F0939B;
					};
					B83B615121B2FCCF00F0939B = {
						CreatedOnToolsVersion = 10.1;
						TestTargetID = B83B613221B2FCCD00F0939B;
					};
				};
			};
			buildConfigurationList = B83B612E21B2FCCD00F0939B /* Build configuration list for PBXProject "kalkulator" */;
			compatibilityVersion = "Xcode 9.3";
			developmentRegion = en;
			hasScannedForEncodings = 0;
			knownRegions = (
				en,
				Base,
			);
			mainGroup = B83B612A21B2FCCD00F0939B;
			productRefGroup = B83B613421B2FCCD00F0939B /* Products */;
			projectDirPath = "";
			projectRoot = "";
			targets = (
				B83B613221B2FCCD00F0939B /* kalkulator */,
				B83B614621B2FCCF00F0939B /* kalkulatorTests */,
				B83B615121B2FCCF00F0939B /* kalkulatorUITests */,
			);
		};
/* End PBXProject section */

/* Begin PBXResourcesBuildPhase section */
		B83B613121B2FCCD00F0939B /* Resources */ = {
			isa = PBXResourcesBuildPhase;
			buildActionMask = 2147483647;
			files = (
				B83B614121B2FCCF00F0939B /* LaunchScreen.storyboard in Resources */,
				B83B613E21B2FCCF00F0939B /* Assets.xcassets in Resources */,
				B83B613C21B2FCCD00F0939B /* Main.storyboard in Resources */,
			);
			runOnlyForDeploymentPostprocessing = 0;
		};
		B83B614521B2FCCF00F0939B /* Resources */ = {
			isa = PBXResourcesBuildPhase;
			buildActionMask = 2147483647;
			files = (
			);
			runOnlyForDeploymentPostprocessing = 0;
		};
		B83B615021B2FCCF00F0939B /* Resources */ = {
			isa = PBXResourcesBuildPhase;
			buildActionMask = 2147483647;
			files = (
			);
			runOnlyForDeploymentPostprocessing = 0;
		};
/* End PBXResourcesBuildPhase section */

/* Begin PBXSourcesBuildPhase section */
		B83B612F21B2FCCD00F0939B /* Sources */ = {
			isa = PBXSourcesBuildPhase;
			buildActionMask = 2147483647;
			files = (
				B83B613921B2FCCD00F0939B /* ViewController.swift in Sources */,
				B83B616721B4725400F0939B /* OperationButton.swift in Sources */,
				B83B616521B3300B00F0939B /* CalculatorButton.swift in Sources */,
				B83B613721B2FCCD00F0939B /* AppDelegate.swift in Sources */,
			);
			runOnlyForDeploymentPostprocessing = 0;
		};
		B83B614321B2FCCF00F0939B /* Sources */ = {
			isa = PBXSourcesBuildPhase;
			buildActionMask = 2147483647;
			files = (
				B83B614C21B2FCCF00F0939B /* kalkulatorTests.swift in Sources */,
			);
			runOnlyForDeploymentPostprocessing = 0;
		};
		B83B614E21B2FCCF00F0939B /* Sources */ = {
			isa = PBXSourcesBuildPhase;
			buildActionMask = 2147483647;
			files = (
				B83B615721B2FCCF00F0939B /* kalkulatorUITests.swift in Sources */,
			);
			runOnlyForDeploymentPostprocessing = 0;
		};
/* End PBXSourcesBuildPhase section */

/* Begin PBXTargetDependency section */
		B83B614921B2FCCF00F0939B /* PBXTargetDependency */ = {
			isa = PBXTargetDependency;
			target = B83B613221B2FCCD00F0939B /* kalkulator */;
			targetProxy = B83B614821B2FCCF00F0939B /* PBXContainerItemProxy */;
		};
		B83B615421B2FCCF00F0939B /* PBXTargetDependency */ = {
			isa = PBXTargetDependency;
			target = B83B613221B2FCCD00F0939B /* kalkulator */;
			targetProxy = B83B615321B2FCCF00F0939B /* PBXContainerItemProxy */;
		};
/* End PBXTargetDependency section */

/* Begin PBXVariantGroup section */
		B83B613A21B2FCCD00F0939B /* Main.storyboard */ = {
			isa = PBXVariantGroup;
			children = (
				B83B613B21B2FCCD00F0939B /* Base */,
			);
			name = Main.storyboard;
			sourceTree = "<group>";
		};
		B83B613F21B2FCCF00F0939B /* LaunchScreen.storyboard */ = {
			isa = PBXVariantGroup;
			children = (
				B83B614021B2FCCF00F0939B /* Base */,
			);
			name = LaunchScreen.storyboard;
			sourceTree = "<group>";
		};
/* End PBXVariantGroup section */

/* Begin XCBuildConfiguration section */
		B83B615921B2FCCF00F0939B /* Debug */ = {
			isa = XCBuildConfiguration;
			buildSettings = {
				ALWAYS_SEARCH_USER_PATHS = NO;
				CLANG_ANALYZER_NONNULL = YES;
				CLANG_ANALYZER_NUMBER_OBJECT_CONVERSION = YES_AGGRESSIVE;
				CLANG_CXX_LANGUAGE_STANDARD = "gnu++14";
				CLANG_CXX_LIBRARY = "libc++";
				CLANG_ENABLE_MODULES = YES;
				CLANG_ENABLE_OBJC_ARC = YES;
				CLANG_ENABLE_OBJC_WEAK = YES;
				CLANG_WARN_BLOCK_CAPTURE_AUTORELEASING = YES;
				CLANG_WARN_BOOL_CONVERSION = YES;
				CLANG_WARN_COMMA = YES;
				CLANG_WARN_CONSTANT_CONVERSION = YES;
				CLANG_WARN_DEPRECATED_OBJC_IMPLEMENTATIONS = YES;
				CLANG_WARN_DIRECT_OBJC_ISA_USAGE = YES_ERROR;
				CLANG_WARN_DOCUMENTATION_COMMENTS = YES;
				CLANG_WARN_EMPTY_BODY = YES;
				CLANG_WARN_ENUM_CONVERSION = YES;
				CLANG_WARN_INFINITE_RECURSION = YES;
				CLANG_WARN_INT_CONVERSION = YES;
				CLANG_WARN_NON_LITERAL_NULL_CONVERSION = YES;
				CLANG_WARN_OBJC_IMPLICIT_RETAIN_SELF = YES;
				CLANG_WARN_OBJC_LITERAL_CONVERSION = YES;
				CLANG_WARN_OBJC_ROOT_CLASS = YES_ERROR;
				CLANG_WARN_RANGE_LOOP_ANALYSIS = YES;
				CLANG_WARN_STRICT_PROTOTYPES = YES;
				CLANG_WARN_SUSPICIOUS_MOVE = YES;
				CLANG_WARN_UNGUARDED_AVAILABILITY = YES_AGGRESSIVE;
				CLANG_WARN_UNREACHABLE_CODE = YES;
				CLANG_WARN__DUPLICATE_METHOD_MATCH = YES;
				CODE_SIGN_IDENTITY = "iPhone Developer";
				COPY_PHASE_STRIP = NO;
				DEBUG_INFORMATION_FORMAT = dwarf;
				ENABLE_STRICT_OBJC_MSGSEND = YES;
				ENABLE_TESTABILITY = YES;
				GCC_C_LANGUAGE_STANDARD = gnu11;
				GCC_DYNAMIC_NO_PIC = NO;
				GCC_NO_COMMON_BLOCKS = YES;
				GCC_OPTIMIZATION_LEVEL = 0;
				GCC_PREPROCESSOR_DEFINITIONS = (
					"DEBUG=1",
					"$(inherited)",
				);
				GCC_WARN_64_TO_32_BIT_CONVERSION = YES;
				GCC_WARN_ABOUT_RETURN_TYPE = YES_ERROR;
				GCC_WARN_UNDECLARED_SELECTOR = YES;
				GCC_WARN_UNINITIALIZED_AUTOS = YES_AGGRESSIVE;
				GCC_WARN_UNUSED_FUNCTION = YES;
				GCC_WARN_UNUSED_VARIABLE = YES;
				IPHONEOS_DEPLOYMENT_TARGET = 12.1;
				MTL_ENABLE_DEBUG_INFO = INCLUDE_SOURCE;
				MTL_FAST_MATH = YES;
				ONLY_ACTIVE_ARCH = YES;
				SDKROOT = iphoneos;
				SWIFT_ACTIVE_COMPILATION_CONDITIONS = DEBUG;
				SWIFT_OPTIMIZATION_LEVEL = "-Onone";
			};
			name = Debug;
		};
		B83B615A21B2FCCF00F0939B /* Release */ = {
			isa = XCBuildConfiguration;
			buildSettings = {
				ALWAYS_SEARCH_USER_PATHS = NO;
				CLANG_ANALYZER_NONNULL = YES;
				CLANG_ANALYZER_NUMBER_OBJECT_CONVERSION = YES_AGGRESSIVE;
				CLANG_CXX_LANGUAGE_STANDARD = "gnu++14";
				CLANG_CXX_LIBRARY = "libc++";
				CLANG_ENABLE_MODULES = YES;
				CLANG_ENABLE_OBJC_ARC = YES;
				CLANG_ENABLE_OBJC_WEAK = YES;
				CLANG_WARN_BLOCK_CAPTURE_AUTORELEASING = YES;
				CLANG_WARN_BOOL_CONVERSION = YES;
				CLANG_WARN_COMMA = YES;
				CLANG_WARN_CONSTANT_CONVERSION = YES;
				CLANG_WARN_DEPRECATED_OBJC_IMPLEMENTATIONS = YES;
				CLANG_WARN_DIRECT_OBJC_ISA_USAGE = YES_ERROR;
				CLANG_WARN_DOCUMENTATION_COMMENTS = YES;
				CLANG_WARN_EMPTY_BODY = YES;
				CLANG_WARN_ENUM_CONVERSION = YES;
				CLANG_WARN_INFINITE_RECURSION = YES;
				CLANG_WARN_INT_CONVERSION = YES;
				CLANG_WARN_NON_LITERAL_NULL_CONVERSION = YES;
				CLANG_WARN_OBJC_IMPLICIT_RETAIN_SELF = YES;
				CLANG_WARN_OBJC_LITERAL_CONVERSION = YES;
				CLANG_WARN_OBJC_ROOT_CLASS = YES_ERROR;
				CLANG_WARN_RANGE_LOOP_ANALYSIS = YES;
				CLANG_WARN_STRICT_PROTOTYPES = YES;
				CLANG_WARN_SUSPICIOUS_MOVE = YES;
				CLANG_WARN_UNGUARDED_AVAILABILITY = YES_AGGRESSIVE;
				CLANG_WARN_UNREACHABLE_CODE = YES;
				CLANG_WARN__DUPLICATE_METHOD_MATCH = YES;
				CODE_SIGN_IDENTITY = "iPhone Developer";
				COPY_PHASE_STRIP = NO;
				DEBUG_INFORMATION_FORMAT = "dwarf-with-dsym";
				ENABLE_NS_ASSERTIONS = NO;
				ENABLE_STRICT_OBJC_MSGSEND = YES;
				GCC_C_LANGUAGE_STANDARD = gnu11;
				GCC_NO_COMMON_BLOCKS = YES;
				GCC_WARN_64_TO_32_BIT_CONVERSION = YES;
				GCC_WARN_ABOUT_RETURN_TYPE = YES_ERROR;
				GCC_WARN_UNDECLARED_SELECTOR = YES;
				GCC_WARN_UNINITIALIZED_AUTOS = YES_AGGRESSIVE;
				GCC_WARN_UNUSED_FUNCTION = YES;
				GCC_WARN_UNUSED_VARIABLE = YES;
				IPHONEOS_DEPLOYMENT_TARGET = 12.1;
				MTL_ENABLE_DEBUG_INFO = NO;
				MTL_FAST_MATH = YES;
				SDKROOT = iphoneos;
				SWIFT_COMPILATION_MODE = wholemodule;
				SWIFT_OPTIMIZATION_LEVEL = "-O";
				VALIDATE_PRODUCT = YES;
			};
			name = Release;
		};
		B83B615C21B2FCCF00F0939B /* Debug */ = {
			isa = XCBuildConfiguration;
			buildSettings = {
				ASSETCATALOG_COMPILER_APPICON_NAME = AppIcon;
				CODE_SIGN_STYLE = Automatic;
				DEVELOPMENT_TEAM = 76YX7HD772;
				INFOPLIST_FILE = kalkulator/Info.plist;
				IPHONEOS_DEPLOYMENT_TARGET = 10;
				LD_RUNPATH_SEARCH_PATHS = (
					"$(inherited)",
					"@executable_path/Frameworks",
				);
				PRODUCT_BUNDLE_IDENTIFIER = UMK.kalkulator;
				PRODUCT_NAME = "$(TARGET_NAME)";
				SWIFT_VERSION = 4.2;
				TARGETED_DEVICE_FAMILY = "1,2";
			};
			name = Debug;
		};
		B83B615D21B2FCCF00F0939B /* Release */ = {
			isa = XCBuildConfiguration;
			buildSettings = {
				ASSETCATALOG_COMPILER_APPICON_NAME = AppIcon;
				CODE_SIGN_STYLE = Automatic;
				DEVELOPMENT_TEAM = 76YX7HD772;
				INFOPLIST_FILE = kalkulator/Info.plist;
				IPHONEOS_DEPLOYMENT_TARGET = 10;
				LD_RUNPATH_SEARCH_PATHS = (
					"$(inherited)",
					"@executable_path/Frameworks",
				);
				PRODUCT_BUNDLE_IDENTIFIER = UMK.kalkulator;
				PRODUCT_NAME = "$(TARGET_NAME)";
				SWIFT_VERSION = 4.2;
				TARGETED_DEVICE_FAMILY = "1,2";
			};
			name = Release;
		};
		B83B615F21B2FCCF00F0939B /* Debug */ = {
			isa = XCBuildConfiguration;
			buildSettings = {
				ALWAYS_EMBED_SWIFT_STANDARD_LIBRARIES = YES;
				BUNDLE_LOADER = "$(TEST_HOST)";
				CODE_SIGN_STYLE = Automatic;
				INFOPLIST_FILE = kalkulatorTests/Info.plist;
				LD_RUNPATH_SEARCH_PATHS = (
					"$(inherited)",
					"@executable_path/Frameworks",
					"@loader_path/Frameworks",
				);
				PRODUCT_BUNDLE_IDENTIFIER = UMK.kalkulatorTests;
				PRODUCT_NAME = "$(TARGET_NAME)";
				SWIFT_VERSION = 4.2;
				TARGETED_DEVICE_FAMILY = "1,2";
				TEST_HOST = "$(BUILT_PRODUCTS_DIR)/kalkulator.app/kalkulator";
			};
			name = Debug;
		};
		B83B616021B2FCCF00F0939B /* Release */ = {
			isa = XCBuildConfiguration;
			buildSettings = {
				ALWAYS_EMBED_SWIFT_STANDARD_LIBRARIES = YES;
				BUNDLE_LOADER = "$(TEST_HOST)";
				CODE_SIGN_STYLE = Automatic;
				INFOPLIST_FILE = kalkulatorTests/Info.plist;
				LD_RUNPATH_SEARCH_PATHS = (
					"$(inherited)",
					"@executable_path/Frameworks",
					"@loader_path/Frameworks",
				);
				PRODUCT_BUNDLE_IDENTIFIER = UMK.kalkulatorTests;
				PRODUCT_NAME = "$(TARGET_NAME)";
				SWIFT_VERSION = 4.2;
				TARGETED_DEVICE_FAMILY = "1,2";
				TEST_HOST = "$(BUILT_PRODUCTS_DIR)/kalkulator.app/kalkulator";
			};
			name = Release;
		};
		B83B616221B2FCCF00F0939B /* Debug */ = {
			isa = XCBuildConfiguration;
			buildSettings = {
				ALWAYS_EMBED_SWIFT_STANDARD_LIBRARIES = YES;
				CODE_SIGN_STYLE = Automatic;
				INFOPLIST_FILE = kalkulatorUITests/Info.plist;
				LD_RUNPATH_SEARCH_PATHS = (
					"$(inherited)",
					"@executable_path/Frameworks",
					"@loader_path/Frameworks",
				);
				PRODUCT_BUNDLE_IDENTIFIER = UMK.kalkulatorUITests;
				PRODUCT_NAME = "$(TARGET_NAME)";
				SWIFT_VERSION = 4.2;
				TARGETED_DEVICE_FAMILY = "1,2";
				TEST_TARGET_NAME = kalkulator;
			};
			name = Debug;
		};
		B83B616321B2FCCF00F0939B /* Release */ = {
			isa = XCBuildConfiguration;
			buildSettings = {
				ALWAYS_EMBED_SWIFT_STANDARD_LIBRARIES = YES;
				CODE_SIGN_STYLE = Automatic;
				INFOPLIST_FILE = kalkulatorUITests/Info.plist;
				LD_RUNPATH_SEARCH_PATHS = (
					"$(inherited)",
					"@executable_path/Frameworks",
					"@loader_path/Frameworks",
				);
				PRODUCT_BUNDLE_IDENTIFIER = UMK.kalkulatorUITests;
				PRODUCT_NAME = "$(TARGET_NAME)";
				SWIFT_VERSION = 4.2;
				TARGETED_DEVICE_FAMILY = "1,2";
				TEST_TARGET_NAME = kalkulator;
			};
			name = Release;
		};
/* End XCBuildConfiguration section */

/* Begin XCConfigurationList section */
		B83B612E21B2FCCD00F0939B /* Build configuration list for PBXProject "kalkulator" */ = {
			isa = XCConfigurationList;
			buildConfigurations = (
				B83B615921B2FCCF00F0939B /* Debug */,
				B83B615A21B2FCCF00F0939B /* Release */,
			);
			defaultConfigurationIsVisible = 0;
			defaultConfigurationName = Release;
		};
		B83B615B21B2FCCF00F0939B /* Build configuration list for PBXNativeTarget "kalkulator" */ = {
			isa = XCConfigurationList;
			buildConfigurations = (
				B83B615C21B2FCCF00F0939B /* Debug */,
				B83B615D21B2FCCF00F0939B /* Release */,
			);
			defaultConfigurationIsVisible = 0;
			defaultConfigurationName = Release;
		};
		B83B615E21B2FCCF00F0939B /* Build configuration list for PBXNativeTarget "kalkulatorTests" */ = {
			isa = XCConfigurationList;
			buildConfigurations = (
				B83B615F21B2FCCF00F0939B /* Debug */,
				B83B616021B2FCCF00F0939B /* Release */,
			);
			defaultConfigurationIsVisible = 0;
			defaultConfigurationName = Release;
		};
		B83B616121B2FCCF00F0939B /* Build configuration list for PBXNativeTarget "kalkulatorUITests" */ = {
			isa = XCConfigurationList;
			buildConfigurations = (
				B83B616221B2FCCF00F0939B /* Debug */,
				B83B616321B2FCCF00F0939B /* Release */,
			);
			defaultConfigurationIsVisible = 0;
			defaultConfigurationName = Release;
		};
/* End XCConfigurationList section */
	};
	rootObject = B83B612B21B2FCCD00F0939B /* Project object */;
}
